
Microsoft Visual Studio Solution File, Format Version 12.00
# Visual Studio Version 16
VisualStudioVersion = 16.0.30128.74
MinimumVisualStudioVersion = 10.0.40219.1
Project("{FAE04EC0-301F-11D3-BF4B-00C04F79EFBC}") = "HotelReservationsApp", "HotelReservationsApp\HotelReservationsApp.csproj", "{9B591B88-FB23-4B9A-A6B6-064EBAEE8CC7}"
EndProject
Global
	GlobalSection(SolutionConfigurationPlatforms) = preSolution
		Debug|Any CPU = Debug|Any CPU
		Release|Any CPU = Release|Any CPU
	EndGlobalSection
	GlobalSection(ProjectConfigurationPlatforms) = postSolution
		{9B591B88-FB23-4B9A-A6B6-064EBAEE8CC7}.Debug|Any CPU.ActiveCfg = Debug|Any CPU
		{9B591B88-FB23-4B9A-A6B6-064EBAEE8CC7}.Debug|Any CPU.Build.0 = Debug|Any CPU
		{9B591B88-FB23-4B9A-A6B6-064EBAEE8CC7}.Release|Any CPU.ActiveCfg = Release|Any CPU
		{9B591B88-FB23-4B9A-A6B6-064EBAEE8CC7}.Release|Any CPU.Build.0 = Release|Any CPU
	EndGlobalSection
	GlobalSection(SolutionProperties) = preSolution
		HideSolutionNode = FALSE
	EndGlobalSection
	GlobalSection(ExtensibilityGlobals) = postSolution
		SolutionGuid = {6B0BCD49-E3CC-47B5-B8A4-22EECB4A00B1}
	EndGlobalSection
EndGlobal
